
Microsoft Visual Studio Solution File, Format Version 12.00
# Visual Studio Version 17
VisualStudioVersion = 17.7.34031.279
MinimumVisualStudioVersion = 10.0.40219.1
Project("{FAE04EC0-301F-11D3-BF4B-00C04F79EFBC}") = "CompanyApp", "CompanyApp\CompanyApp.csproj", "{6D90B9EE-D53E-45D9-A8A3-49476B869DA1}"
EndProject
Project("{FAE04EC0-301F-11D3-BF4B-00C04F79EFBC}") = "CompanyApp.Domain", "CompanyApp.Domain\CompanyApp.Domain.csproj", "{0476CBFC-CF96-4850-9769-E80009F06581}"
EndProject
Project("{FAE04EC0-301F-11D3-BF4B-00C04F79EFBC}") = "CompanyApp.Utilities", "CompanyApp.Utilities\CompanyApp.Utilities.csproj", "{8408C299-5B9D-409C-A6CE-8411E5475DFB}"
EndProject
Project("{FAE04EC0-301F-11D3-BF4B-00C04F79EFBC}") = "CompanyApp.DataContext", "CompanyApp.DataContext\CompanyApp.DataContext.csproj", "{A2B9B5DE-E749-4BBB-96E0-8D90CFC1685F}"
EndProject
Project("{FAE04EC0-301F-11D3-BF4B-00C04F79EFBC}") = "CompanyApp.Business", "CompanyApp.Business\CompanyApp.Business.csproj", "{22E1D26F-5E54-4825-AAEB-0AC896312BC2}"
EndProject
Global
	GlobalSection(SolutionConfigurationPlatforms) = preSolution
		Debug|Any CPU = Debug|Any CPU
		Release|Any CPU = Release|Any CPU
	EndGlobalSection
	GlobalSection(ProjectConfigurationPlatforms) = postSolution
		{6D90B9EE-D53E-45D9-A8A3-49476B869DA1}.Debug|Any CPU.ActiveCfg = Debug|Any CPU
		{6D90B9EE-D53E-45D9-A8A3-49476B869DA1}.Debug|Any CPU.Build.0 = Debug|Any CPU
		{6D90B9EE-D53E-45D9-A8A3-49476B869DA1}.Release|Any CPU.ActiveCfg = Release|Any CPU
		{6D90B9EE-D53E-45D9-A8A3-49476B869DA1}.Release|Any CPU.Build.0 = Release|Any CPU
		{0476CBFC-CF96-4850-9769-E80009F06581}.Debug|Any CPU.ActiveCfg = Debug|Any CPU
		{0476CBFC-CF96-4850-9769-E80009F06581}.Debug|Any CPU.Build.0 = Debug|Any CPU
		{0476CBFC-CF96-4850-9769-E80009F06581}.Release|Any CPU.ActiveCfg = Release|Any CPU
		{0476CBFC-CF96-4850-9769-E80009F06581}.Release|Any CPU.Build.0 = Release|Any CPU
		{8408C299-5B9D-409C-A6CE-8411E5475DFB}.Debug|Any CPU.ActiveCfg = Debug|Any CPU
		{8408C299-5B9D-409C-A6CE-8411E5475DFB}.Debug|Any CPU.Build.0 = Debug|Any CPU
		{8408C299-5B9D-409C-A6CE-8411E5475DFB}.Release|Any CPU.ActiveCfg = Release|Any CPU
		{8408C299-5B9D-409C-A6CE-8411E5475DFB}.Release|Any CPU.Build.0 = Release|Any CPU
		{A2B9B5DE-E749-4BBB-96E0-8D90CFC1685F}.Debug|Any CPU.ActiveCfg = Debug|Any CPU
		{A2B9B5DE-E749-4BBB-96E0-8D90CFC1685F}.Debug|Any CPU.Build.0 = Debug|Any CPU
		{A2B9B5DE-E749-4BBB-96E0-8D90CFC1685F}.Release|Any CPU.ActiveCfg = Release|Any CPU
		{A2B9B5DE-E749-4BBB-96E0-8D90CFC1685F}.Release|Any CPU.Build.0 = Release|Any CPU
		{22E1D26F-5E54-4825-AAEB-0AC896312BC2}.Debug|Any CPU.ActiveCfg = Debug|Any CPU
		{22E1D26F-5E54-4825-AAEB-0AC896312BC2}.Debug|Any CPU.Build.0 = Debug|Any CPU
		{22E1D26F-5E54-4825-AAEB-0AC896312BC2}.Release|Any CPU.ActiveCfg = Release|Any CPU
		{22E1D26F-5E54-4825-AAEB-0AC896312BC2}.Release|Any CPU.Build.0 = Release|Any CPU
	EndGlobalSection
	GlobalSection(SolutionProperties) = preSolution
		HideSolutionNode = FALSE
	EndGlobalSection
	GlobalSection(ExtensibilityGlobals) = postSolution
		SolutionGuid = {D5FAB89D-BA5C-4BBA-8AEA-7B1BC1915F4A}
	EndGlobalSection
EndGlobal
